
Microsoft Visual Studio Solution File, Format Version 12.00
# Visual Studio 14
VisualStudioVersion = 14.0.25420.1
MinimumVisualStudioVersion = 10.0.40219.1
Project("{FAE04EC0-301F-11D3-BF4B-00C04F79EFBC}") = "ClosedXML.Extensions.Mvc", "ClosedXML.Extensions.Mvc.csproj", "{AAA28EB8-07AC-4ED8-B4C4-89D00F80E5FB}"
EndProject
Global
	GlobalSection(SolutionConfigurationPlatforms) = preSolution
		Debug|Any CPU = Debug|Any CPU
		Release|Any CPU = Release|Any CPU
	EndGlobalSection
	GlobalSection(ProjectConfigurationPlatforms) = postSolution
		{AAA28EB8-07AC-4ED8-B4C4-89D00F80E5FB}.Debug|Any CPU.ActiveCfg = Debug|Any CPU
		{AAA28EB8-07AC-4ED8-B4C4-89D00F80E5FB}.Debug|Any CPU.Build.0 = Debug|Any CPU
		{AAA28EB8-07AC-4ED8-B4C4-89D00F80E5FB}.Release|Any CPU.ActiveCfg = Release|Any CPU
		{AAA28EB8-07AC-4ED8-B4C4-89D00F80E5FB}.Release|Any CPU.Build.0 = Release|Any CPU
	EndGlobalSection
	GlobalSection(SolutionProperties) = preSolution
		HideSolutionNode = FALSE
	EndGlobalSection
EndGlobal
